
Microsoft Visual Studio Solution File, Format Version 12.00
# Visual Studio Version 17
VisualStudioVersion = 17.13.35825.156
MinimumVisualStudioVersion = 10.0.40219.1
Project("{FAE04EC0-301F-11D3-BF4B-00C04F79EFBC}") = "Presentation", "Presentation\Presentation.csproj", "{514337F1-4EC6-4B0C-A271-A00F056CAE4F}"
EndProject
Project("{FAE04EC0-301F-11D3-BF4B-00C04F79EFBC}") = "Data", "Data\Data.csproj", "{C3FB0016-7AAB-4A5D-9EA0-24FF6FAECFE7}"
EndProject
Project("{FAE04EC0-301F-11D3-BF4B-00C04F79EFBC}") = "Business", "Business\Business.csproj", "{BAFDD37A-4B64-4327-93D5-CD6905CDDA42}"
EndProject
Project("{FAE04EC0-301F-11D3-BF4B-00C04F79EFBC}") = "Domain", "Domain\Domain.csproj", "{9F39820D-1B4F-446C-8AEA-7699409C5856}"
EndProject
Global
	GlobalSection(SolutionConfigurationPlatforms) = preSolution
		Debug|Any CPU = Debug|Any CPU
		Release|Any CPU = Release|Any CPU
	EndGlobalSection
	GlobalSection(ProjectConfigurationPlatforms) = postSolution
		{514337F1-4EC6-4B0C-A271-A00F056CAE4F}.Debug|Any CPU.ActiveCfg = Debug|Any CPU
		{514337F1-4EC6-4B0C-A271-A00F056CAE4F}.Debug|Any CPU.Build.0 = Debug|Any CPU
		{514337F1-4EC6-4B0C-A271-A00F056CAE4F}.Release|Any CPU.ActiveCfg = Release|Any CPU
		{514337F1-4EC6-4B0C-A271-A00F056CAE4F}.Release|Any CPU.Build.0 = Release|Any CPU
		{C3FB0016-7AAB-4A5D-9EA0-24FF6FAECFE7}.Debug|Any CPU.ActiveCfg = Debug|Any CPU
		{C3FB0016-7AAB-4A5D-9EA0-24FF6FAECFE7}.Debug|Any CPU.Build.0 = Debug|Any CPU
		{C3FB0016-7AAB-4A5D-9EA0-24FF6FAECFE7}.Release|Any CPU.ActiveCfg = Release|Any CPU
		{C3FB0016-7AAB-4A5D-9EA0-24FF6FAECFE7}.Release|Any CPU.Build.0 = Release|Any CPU
		{BAFDD37A-4B64-4327-93D5-CD6905CDDA42}.Debug|Any CPU.ActiveCfg = Debug|Any CPU
		{BAFDD37A-4B64-4327-93D5-CD6905CDDA42}.Debug|Any CPU.Build.0 = Debug|Any CPU
		{BAFDD37A-4B64-4327-93D5-CD6905CDDA42}.Release|Any CPU.ActiveCfg = Release|Any CPU
		{BAFDD37A-4B64-4327-93D5-CD6905CDDA42}.Release|Any CPU.Build.0 = Release|Any CPU
		{9F39820D-1B4F-446C-8AEA-7699409C5856}.Debug|Any CPU.ActiveCfg = Debug|Any CPU
		{9F39820D-1B4F-446C-8AEA-7699409C5856}.Debug|Any CPU.Build.0 = Debug|Any CPU
		{9F39820D-1B4F-446C-8AEA-7699409C5856}.Release|Any CPU.ActiveCfg = Release|Any CPU
		{9F39820D-1B4F-446C-8AEA-7699409C5856}.Release|Any CPU.Build.0 = Release|Any CPU
	EndGlobalSection
	GlobalSection(SolutionProperties) = preSolution
		HideSolutionNode = FALSE
	EndGlobalSection
	GlobalSection(ExtensibilityGlobals) = postSolution
		SolutionGuid = {0B466CA6-9332-4392-BDFF-89BB5C415020}
	EndGlobalSection
EndGlobal
